
Microsoft Visual Studio Solution File, Format Version 12.00
Project("{FAE04EC0-301F-11D3-BF4B-00C04F79EFBC}") = "OverloadedFractions", "OverloadedFractions\OverloadedFractions.csproj", "{B2E3FB43-0E16-45CE-B850-CC5AE383C7FE}"
EndProject
Project("{FAE04EC0-301F-11D3-BF4B-00C04F79EFBC}") = "OverloadedFractions.Tests", "OverloadedFractions.Tests\OverloadedFractions.Tests.csproj", "{BAECE12E-6269-4F83-8DF1-D7048FF22023}"
EndProject
Global
	GlobalSection(SolutionConfigurationPlatforms) = preSolution
		Debug|Any CPU = Debug|Any CPU
		Release|Any CPU = Release|Any CPU
	EndGlobalSection
	GlobalSection(ProjectConfigurationPlatforms) = postSolution
		{B2E3FB43-0E16-45CE-B850-CC5AE383C7FE}.Debug|Any CPU.ActiveCfg = Debug|Any CPU
		{B2E3FB43-0E16-45CE-B850-CC5AE383C7FE}.Debug|Any CPU.Build.0 = Debug|Any CPU
		{B2E3FB43-0E16-45CE-B850-CC5AE383C7FE}.Release|Any CPU.ActiveCfg = Release|Any CPU
		{B2E3FB43-0E16-45CE-B850-CC5AE383C7FE}.Release|Any CPU.Build.0 = Release|Any CPU
		{BAECE12E-6269-4F83-8DF1-D7048FF22023}.Debug|Any CPU.ActiveCfg = Debug|Any CPU
		{BAECE12E-6269-4F83-8DF1-D7048FF22023}.Debug|Any CPU.Build.0 = Debug|Any CPU
		{BAECE12E-6269-4F83-8DF1-D7048FF22023}.Release|Any CPU.ActiveCfg = Release|Any CPU
		{BAECE12E-6269-4F83-8DF1-D7048FF22023}.Release|Any CPU.Build.0 = Release|Any CPU
	EndGlobalSection
EndGlobal
